
Microsoft Visual Studio Solution File, Format Version 12.00
# Visual Studio Version 16
VisualStudioVersion = 16.0.33529.622
MinimumVisualStudioVersion = 10.0.40219.1
Project("{9A19103F-16F7-4668-BE54-9A1E7A4F7556}") = "1. Encrypt, Sort, and Print Array", "1. Encrypt, Sort, and Print Array\1. Encrypt, Sort, and Print Array.csproj", "{06D21DB1-8138-49D1-8442-DCBEF6CE98DC}"
EndProject
Project("{9A19103F-16F7-4668-BE54-9A1E7A4F7556}") = "2. Pascal Triangle", "2. Pascal Triangle\2. Pascal Triangle.csproj", "{273F5918-177A-407F-9CF0-6ECBB3E4DA8D}"
EndProject
Project("{9A19103F-16F7-4668-BE54-9A1E7A4F7556}") = "3. Recursive Fibonacci", "3. Recursive Fibonacci\3. Recursive Fibonacci.csproj", "{BDC6E161-FDB3-42BC-9B68-8CD3E62308C3}"
EndProject
Project("{FAE04EC0-301F-11D3-BF4B-00C04F79EFBC}") = "4. Fold and Sum", "4. Fold and Sum\4. Fold and Sum.csproj", "{D580DBA4-36B4-4FFE-A3E8-112D7C416C69}"
EndProject
Project("{FAE04EC0-301F-11D3-BF4B-00C04F79EFBC}") = "5. Longest Increasing Subsequence (LIS)", "5. Longest Increasing Subsequence (LIS)\5. Longest Increasing Subsequence (LIS).csproj", "{31B8A3A5-7F43-4DD2-9504-2EF34B77CD46}"
EndProject
Global
	GlobalSection(SolutionConfigurationPlatforms) = preSolution
		Debug|Any CPU = Debug|Any CPU
		Release|Any CPU = Release|Any CPU
	EndGlobalSection
	GlobalSection(ProjectConfigurationPlatforms) = postSolution
		{06D21DB1-8138-49D1-8442-DCBEF6CE98DC}.Debug|Any CPU.ActiveCfg = Debug|Any CPU
		{06D21DB1-8138-49D1-8442-DCBEF6CE98DC}.Debug|Any CPU.Build.0 = Debug|Any CPU
		{06D21DB1-8138-49D1-8442-DCBEF6CE98DC}.Release|Any CPU.ActiveCfg = Release|Any CPU
		{06D21DB1-8138-49D1-8442-DCBEF6CE98DC}.Release|Any CPU.Build.0 = Release|Any CPU
		{273F5918-177A-407F-9CF0-6ECBB3E4DA8D}.Debug|Any CPU.ActiveCfg = Debug|Any CPU
		{273F5918-177A-407F-9CF0-6ECBB3E4DA8D}.Debug|Any CPU.Build.0 = Debug|Any CPU
		{273F5918-177A-407F-9CF0-6ECBB3E4DA8D}.Release|Any CPU.ActiveCfg = Release|Any CPU
		{273F5918-177A-407F-9CF0-6ECBB3E4DA8D}.Release|Any CPU.Build.0 = Release|Any CPU
		{BDC6E161-FDB3-42BC-9B68-8CD3E62308C3}.Debug|Any CPU.ActiveCfg = Debug|Any CPU
		{BDC6E161-FDB3-42BC-9B68-8CD3E62308C3}.Debug|Any CPU.Build.0 = Debug|Any CPU
		{BDC6E161-FDB3-42BC-9B68-8CD3E62308C3}.Release|Any CPU.ActiveCfg = Release|Any CPU
		{BDC6E161-FDB3-42BC-9B68-8CD3E62308C3}.Release|Any CPU.Build.0 = Release|Any CPU
		{D580DBA4-36B4-4FFE-A3E8-112D7C416C69}.Debug|Any CPU.ActiveCfg = Debug|Any CPU
		{D580DBA4-36B4-4FFE-A3E8-112D7C416C69}.Debug|Any CPU.Build.0 = Debug|Any CPU
		{D580DBA4-36B4-4FFE-A3E8-112D7C416C69}.Release|Any CPU.ActiveCfg = Release|Any CPU
		{D580DBA4-36B4-4FFE-A3E8-112D7C416C69}.Release|Any CPU.Build.0 = Release|Any CPU
		{31B8A3A5-7F43-4DD2-9504-2EF34B77CD46}.Debug|Any CPU.ActiveCfg = Debug|Any CPU
		{31B8A3A5-7F43-4DD2-9504-2EF34B77CD46}.Debug|Any CPU.Build.0 = Debug|Any CPU
		{31B8A3A5-7F43-4DD2-9504-2EF34B77CD46}.Release|Any CPU.ActiveCfg = Release|Any CPU
		{31B8A3A5-7F43-4DD2-9504-2EF34B77CD46}.Release|Any CPU.Build.0 = Release|Any CPU
	EndGlobalSection
	GlobalSection(SolutionProperties) = preSolution
		HideSolutionNode = FALSE
	EndGlobalSection
	GlobalSection(ExtensibilityGlobals) = postSolution
		SolutionGuid = {EE2311D4-1A8A-480E-A61F-433B55DA38A1}
	EndGlobalSection
EndGlobal
